
Microsoft Visual Studio Solution File, Format Version 12.00
# Visual Studio Version 17
VisualStudioVersion = 17.9.34728.123
MinimumVisualStudioVersion = 10.0.40219.1
Project("{FAE04EC0-301F-11D3-BF4B-00C04F79EFBC}") = "WebProject", "WebProject\WebProject.csproj", "{ABECA77C-FF99-43FC-9B8B-CBEBF7C01A61}"
EndProject
Global
	GlobalSection(SolutionConfigurationPlatforms) = preSolution
		Debug|Any CPU = Debug|Any CPU
		Release|Any CPU = Release|Any CPU
	EndGlobalSection
	GlobalSection(ProjectConfigurationPlatforms) = postSolution
		{ABECA77C-FF99-43FC-9B8B-CBEBF7C01A61}.Debug|Any CPU.ActiveCfg = Debug|Any CPU
		{ABECA77C-FF99-43FC-9B8B-CBEBF7C01A61}.Debug|Any CPU.Build.0 = Debug|Any CPU
		{ABECA77C-FF99-43FC-9B8B-CBEBF7C01A61}.Release|Any CPU.ActiveCfg = Release|Any CPU
		{ABECA77C-FF99-43FC-9B8B-CBEBF7C01A61}.Release|Any CPU.Build.0 = Release|Any CPU
	EndGlobalSection
	GlobalSection(SolutionProperties) = preSolution
		HideSolutionNode = FALSE
	EndGlobalSection
	GlobalSection(ExtensibilityGlobals) = postSolution
		SolutionGuid = {276A971A-4959-4682-868B-5BC1FB0BFE92}
	EndGlobalSection
EndGlobal
